
Microsoft Visual Studio Solution File, Format Version 12.00
# Visual Studio 15
VisualStudioVersion = 15.0.28307.852
MinimumVisualStudioVersion = 10.0.40219.1
Project("{8BC9CEB8-8B4A-11D0-8D11-00A0C91BC942}") = "Raytracing in a weekend", "Raytracing in a weekend\Raytracing in a weekend.vcxproj", "{F7A0795D-E39C-4C5B-8DBC-F0C6D9D0E989}"
EndProject
Project("{8BC9CEB8-8B4A-11D0-8D11-00A0C91BC942}") = "RayTracing", "RayTracing\RayTracing.vcxproj", "{9D4B36CD-496B-4307-ADB2-7F0CEB556A70}"
EndProject
Project("{2150E333-8FDC-42A3-9474-1A3956D46DE8}") = "Solution Items", "Solution Items", "{A102F5ED-43FD-44B6-BDAB-E5B6CB7A732D}"
	ProjectSection(SolutionItems) = preProject
		ReadMe.md = ReadMe.md
	EndProjectSection
EndProject
Global
	GlobalSection(SolutionConfigurationPlatforms) = preSolution
		Debug_CPU|x64 = Debug_CPU|x64
		Debug_CPU|x86 = Debug_CPU|x86
		Debug|x64 = Debug|x64
		Debug|x86 = Debug|x86
		RELEASE_CPU|x64 = RELEASE_CPU|x64
		RELEASE_CPU|x86 = RELEASE_CPU|x86
		Release|x64 = Release|x64
		Release|x86 = Release|x86
	EndGlobalSection
	GlobalSection(ProjectConfigurationPlatforms) = postSolution
		{F7A0795D-E39C-4C5B-8DBC-F0C6D9D0E989}.Debug_CPU|x64.ActiveCfg = Debug_CPU|x64
		{F7A0795D-E39C-4C5B-8DBC-F0C6D9D0E989}.Debug_CPU|x64.Build.0 = Debug_CPU|x64
		{F7A0795D-E39C-4C5B-8DBC-F0C6D9D0E989}.Debug_CPU|x86.ActiveCfg = Debug_CPU|Win32
		{F7A0795D-E39C-4C5B-8DBC-F0C6D9D0E989}.Debug_CPU|x86.Build.0 = Debug_CPU|Win32
		{F7A0795D-E39C-4C5B-8DBC-F0C6D9D0E989}.Debug|x64.ActiveCfg = Debug|x64
		{F7A0795D-E39C-4C5B-8DBC-F0C6D9D0E989}.Debug|x64.Build.0 = Debug|x64
		{F7A0795D-E39C-4C5B-8DBC-F0C6D9D0E989}.Debug|x86.ActiveCfg = Debug|Win32
		{F7A0795D-E39C-4C5B-8DBC-F0C6D9D0E989}.Debug|x86.Build.0 = Debug|Win32
		{F7A0795D-E39C-4C5B-8DBC-F0C6D9D0E989}.RELEASE_CPU|x64.ActiveCfg = RELEASE_CPU|x64
		{F7A0795D-E39C-4C5B-8DBC-F0C6D9D0E989}.RELEASE_CPU|x64.Build.0 = RELEASE_CPU|x64
		{F7A0795D-E39C-4C5B-8DBC-F0C6D9D0E989}.RELEASE_CPU|x86.ActiveCfg = RELEASE_CPU|Win32
		{F7A0795D-E39C-4C5B-8DBC-F0C6D9D0E989}.RELEASE_CPU|x86.Build.0 = RELEASE_CPU|Win32
		{F7A0795D-E39C-4C5B-8DBC-F0C6D9D0E989}.Release|x64.ActiveCfg = Release|x64
		{F7A0795D-E39C-4C5B-8DBC-F0C6D9D0E989}.Release|x64.Build.0 = Release|x64
		{F7A0795D-E39C-4C5B-8DBC-F0C6D9D0E989}.Release|x86.ActiveCfg = Release|Win32
		{F7A0795D-E39C-4C5B-8DBC-F0C6D9D0E989}.Release|x86.Build.0 = Release|Win32
		{9D4B36CD-496B-4307-ADB2-7F0CEB556A70}.Debug_CPU|x64.ActiveCfg = Debug_CPU|x64
		{9D4B36CD-496B-4307-ADB2-7F0CEB556A70}.Debug_CPU|x64.Build.0 = Debug_CPU|x64
		{9D4B36CD-496B-4307-ADB2-7F0CEB556A70}.Debug_CPU|x86.ActiveCfg = Debug_CPU|Win32
		{9D4B36CD-496B-4307-ADB2-7F0CEB556A70}.Debug_CPU|x86.Build.0 = Debug_CPU|Win32
		{9D4B36CD-496B-4307-ADB2-7F0CEB556A70}.Debug|x64.ActiveCfg = Debug|x64
		{9D4B36CD-496B-4307-ADB2-7F0CEB556A70}.Debug|x64.Build.0 = Debug|x64
		{9D4B36CD-496B-4307-ADB2-7F0CEB556A70}.Debug|x86.ActiveCfg = Debug|Win32
		{9D4B36CD-496B-4307-ADB2-7F0CEB556A70}.Debug|x86.Build.0 = Debug|Win32
		{9D4B36CD-496B-4307-ADB2-7F0CEB556A70}.RELEASE_CPU|x64.ActiveCfg = RELEASE_CPU|x64
		{9D4B36CD-496B-4307-ADB2-7F0CEB556A70}.RELEASE_CPU|x64.Build.0 = RELEASE_CPU|x64
		{9D4B36CD-496B-4307-ADB2-7F0CEB556A70}.RELEASE_CPU|x86.ActiveCfg = RELEASE_CPU|Win32
		{9D4B36CD-496B-4307-ADB2-7F0CEB556A70}.RELEASE_CPU|x86.Build.0 = RELEASE_CPU|Win32
		{9D4B36CD-496B-4307-ADB2-7F0CEB556A70}.Release|x64.ActiveCfg = Release|x64
		{9D4B36CD-496B-4307-ADB2-7F0CEB556A70}.Release|x64.Build.0 = Release|x64
		{9D4B36CD-496B-4307-ADB2-7F0CEB556A70}.Release|x86.ActiveCfg = Release|Win32
		{9D4B36CD-496B-4307-ADB2-7F0CEB556A70}.Release|x86.Build.0 = Release|Win32
	EndGlobalSection
	GlobalSection(SolutionProperties) = preSolution
		HideSolutionNode = FALSE
	EndGlobalSection
	GlobalSection(ExtensibilityGlobals) = postSolution
		SolutionGuid = {0B937BC7-F58A-4E6E-BA0A-BA048AE030EC}
	EndGlobalSection
EndGlobal
